
Microsoft Visual Studio Solution File, Format Version 12.00
# Visual Studio Version 17
VisualStudioVersion = 17.6.33829.357
MinimumVisualStudioVersion = 10.0.40219.1
Project("{FAE04EC0-301F-11D3-BF4B-00C04F79EFBC}") = "Krispy", "Krispy\Krispy.csproj", "{6210B5C3-D190-4798-B6A1-BD7D73545A7E}"
EndProject
Global
	GlobalSection(SolutionConfigurationPlatforms) = preSolution
		Debug|Any CPU = Debug|Any CPU
		Release|Any CPU = Release|Any CPU
	EndGlobalSection
	GlobalSection(ProjectConfigurationPlatforms) = postSolution
		{6210B5C3-D190-4798-B6A1-BD7D73545A7E}.Debug|Any CPU.ActiveCfg = Debug|Any CPU
		{6210B5C3-D190-4798-B6A1-BD7D73545A7E}.Debug|Any CPU.Build.0 = Debug|Any CPU
		{6210B5C3-D190-4798-B6A1-BD7D73545A7E}.Release|Any CPU.ActiveCfg = Release|Any CPU
		{6210B5C3-D190-4798-B6A1-BD7D73545A7E}.Release|Any CPU.Build.0 = Release|Any CPU
	EndGlobalSection
	GlobalSection(SolutionProperties) = preSolution
		HideSolutionNode = FALSE
	EndGlobalSection
	GlobalSection(ExtensibilityGlobals) = postSolution
		SolutionGuid = {C91975CD-89F8-4472-B962-A17FEF9B1D8F}
	EndGlobalSection
EndGlobal
